// !$*UTF8*$!
{
	archiveVersion = 1;
	classes = {
	};
	objectVersion = 56;
	objects = {

/* Begin PBXBuildFile section */
		5E9CA5692C2991C200F7ACC8 /* Study_TimerApp.swift in Sources */ = {isa = PBXBuildFile; fileRef = 5E9CA5682C2991C200F7ACC8 /* Study_TimerApp.swift */; };
		5E9CA56B2C2991C200F7ACC8 /* ContentView.swift in Sources */ = {isa = PBXBuildFile; fileRef = 5E9CA56A2C2991C200F7ACC8 /* ContentView.swift */; };
		5E9CA56D2C2991C400F7ACC8 /* Assets.xcassets in Resources */ = {isa = PBXBuildFile; fileRef = 5E9CA56C2C2991C400F7ACC8 /* Assets.xcassets */; };
		5E9CA5702C2991C400F7ACC8 /* Preview Assets.xcassets in Resources */ = {isa = PBXBuildFile; fileRef = 5E9CA56F2C2991C400F7ACC8 /* Preview Assets.xcassets */; };
		5E9CA57B2C2991C400F7ACC8 /* Study_TimerTests.swift in Sources */ = {isa = PBXBuildFile; fileRef = 5E9CA57A2C2991C400F7ACC8 /* Study_TimerTests.swift */; };
		5E9CA5852C2991C400F7ACC8 /* Study_TimerUITests.swift in Sources */ = {isa = PBXBuildFile; fileRef = 5E9CA5842C2991C400F7ACC8 /* Study_TimerUITests.swift */; };
		5E9CA5872C2991C400F7ACC8 /* Study_TimerUITestsLaunchTests.swift in Sources */ = {isa = PBXBuildFile; fileRef = 5E9CA5862C2991C400F7ACC8 /* Study_TimerUITestsLaunchTests.swift */; };
/* End PBXBuildFile section */

/* Begin PBXContainerItemProxy section */
		5E9CA5772C2991C400F7ACC8 /* PBXContainerItemProxy */ = {
			isa = PBXContainerItemProxy;
			containerPortal = 5E9CA55D2C2991C200F7ACC8 /* Project object */;
			proxyType = 1;
			remoteGlobalIDString = 5E9CA5642C2991C200F7ACC8;
			remoteInfo = "Study Timer";
		};
		5E9CA5812C2991C400F7ACC8 /* PBXContainerItemProxy */ = {
			isa = PBXContainerItemProxy;
			containerPortal = 5E9CA55D2C2991C200F7ACC8 /* Project object */;
			proxyType = 1;
			remoteGlobalIDString = 5E9CA5642C2991C200F7ACC8;
			remoteInfo = "Study Timer";
		};
/* End PBXContainerItemProxy section */

/* Begin PBXFileReference section */
		5E9CA5652C2991C200F7ACC8 /* Study Timer.app */ = {isa = PBXFileReference; explicitFileType = wrapper.application; includeInIndex = 0; path = "Study Timer.app"; sourceTree = BUILT_PRODUCTS_DIR; };
		5E9CA5682C2991C200F7ACC8 /* Study_TimerApp.swift */ = {isa = PBXFileReference; lastKnownFileType = sourcecode.swift; path = Study_TimerApp.swift; sourceTree = "<group>"; };
		5E9CA56A2C2991C200F7ACC8 /* ContentView.swift */ = {isa = PBXFileReference; lastKnownFileType = sourcecode.swift; path = ContentView.swift; sourceTree = "<group>"; };
		5E9CA56C2C2991C400F7ACC8 /* Assets.xcassets */ = {isa = PBXFileReference; lastKnownFileType = folder.assetcatalog; path = Assets.xcassets; sourceTree = "<group>"; };
		5E9CA56F2C2991C400F7ACC8 /* Preview Assets.xcassets */ = {isa = PBXFileReference; lastKnownFileType = folder.assetcatalog; path = "Preview Assets.xcassets"; sourceTree = "<group>"; };
		5E9CA5712C2991C400F7ACC8 /* Study_Timer.entitlements */ = {isa = PBXFileReference; lastKnownFileType = text.plist.entitlements; path = Study_Timer.entitlements; sourceTree = "<group>"; };
		5E9CA5762C2991C400F7ACC8 /* Study TimerTests.xctest */ = {isa = PBXFileReference; explicitFileType = wrapper.cfbundle; includeInIndex = 0; path = "Study TimerTests.xctest"; sourceTree = BUILT_PRODUCTS_DIR; };
		5E9CA57A2C2991C400F7ACC8 /* Study_TimerTests.swift */ = {isa = PBXFileReference; lastKnownFileType = sourcecode.swift; path = Study_TimerTests.swift; sourceTree = "<group>"; };
		5E9CA5802C2991C400F7ACC8 /* Study TimerUITests.xctest */ = {isa = PBXFileReference; explicitFileType = wrapper.cfbundle; includeInIndex = 0; path = "Study TimerUITests.xctest"; sourceTree = BUILT_PRODUCTS_DIR; };
		5E9CA5842C2991C400F7ACC8 /* Study_TimerUITests.swift */ = {isa = PBXFileReference; lastKnownFileType = sourcecode.swift; path = Study_TimerUITests.swift; sourceTree = "<group>"; };
		5E9CA5862C2991C400F7ACC8 /* Study_TimerUITestsLaunchTests.swift */ = {isa = PBXFileReference; lastKnownFileType = sourcecode.swift; path = Study_TimerUITestsLaunchTests.swift; sourceTree = "<group>"; };
/* End PBXFileReference section */

/* Begin PBXFrameworksBuildPhase section */
		5E9CA5622C2991C200F7ACC8 /* Frameworks */ = {
			isa = PBXFrameworksBuildPhase;
			buildActionMask = 2147483647;
			files = (
			);
			runOnlyForDeploymentPostprocessing = 0;
		};
		5E9CA5732C2991C400F7ACC8 /* Frameworks */ = {
			isa = PBXFrameworksBuildPhase;
			buildActionMask = 2147483647;
			files = (
			);
			runOnlyForDeploymentPostprocessing = 0;
		};
		5E9CA57D2C2991C400F7ACC8 /* Frameworks */ = {
			isa = PBXFrameworksBuildPhase;
			buildActionMask = 2147483647;
			files = (
			);
			runOnlyForDeploymentPostprocessing = 0;
		};
/* End PBXFrameworksBuildPhase section */

/* Begin PBXGroup section */
		5E9CA55C2C2991C200F7ACC8 = {
			isa = PBXGroup;
			children = (
				5E9CA5672C2991C200F7ACC8 /* Study Timer */,
				5E9CA5792C2991C400F7ACC8 /* Study TimerTests */,
				5E9CA5832C2991C400F7ACC8 /* Study TimerUITests */,
				5E9CA5662C2991C200F7ACC8 /* Products */,
			);
			sourceTree = "<group>";
		};
		5E9CA5662C2991C200F7ACC8 /* Products */ = {
			isa = PBXGroup;
			children = (
				5E9CA5652C2991C200F7ACC8 /* Study Timer.app */,
				5E9CA5762C2991C400F7ACC8 /* Study TimerTests.xctest */,
				5E9CA5802C2991C400F7ACC8 /* Study TimerUITests.xctest */,
			);
			name = Products;
			sourceTree = "<group>";
		};
		5E9CA5672C2991C200F7ACC8 /* Study Timer */ = {
			isa = PBXGroup;
			children = (
				5E9CA5682C2991C200F7ACC8 /* Study_TimerApp.swift */,
				5E9CA56A2C2991C200F7ACC8 /* ContentView.swift */,
				5E9CA56C2C2991C400F7ACC8 /* Assets.xcassets */,
				5E9CA5712C2991C400F7ACC8 /* Study_Timer.entitlements */,
				5E9CA56E2C2991C400F7ACC8 /* Preview Content */,
			);
			path = "Study Timer";
			sourceTree = "<group>";
		};
		5E9CA56E2C2991C400F7ACC8 /* Preview Content */ = {
			isa = PBXGroup;
			children = (
				5E9CA56F2C2991C400F7ACC8 /* Preview Assets.xcassets */,
			);
			path = "Preview Content";
			sourceTree = "<group>";
		};
		5E9CA5792C2991C400F7ACC8 /* Study TimerTests */ = {
			isa = PBXGroup;
			children = (
				5E9CA57A2C2991C400F7ACC8 /* Study_TimerTests.swift */,
			);
			path = "Study TimerTests";
			sourceTree = "<group>";
		};
		5E9CA5832C2991C400F7ACC8 /* Study TimerUITests */ = {
			isa = PBXGroup;
			children = (
				5E9CA5842C2991C400F7ACC8 /* Study_TimerUITests.swift */,
				5E9CA5862C2991C400F7ACC8 /* Study_TimerUITestsLaunchTests.swift */,
			);
			path = "Study TimerUITests";
			sourceTree = "<group>";
		};
/* End PBXGroup section */

/* Begin PBXNativeTarget section */
		5E9CA5642C2991C200F7ACC8 /* Study Timer */ = {
			isa = PBXNativeTarget;
			buildConfigurationList = 5E9CA58A2C2991C400F7ACC8 /* Build configuration list for PBXNativeTarget "Study Timer" */;
			buildPhases = (
				5E9CA5612C2991C200F7ACC8 /* Sources */,
				5E9CA5622C2991C200F7ACC8 /* Frameworks */,
				5E9CA5632C2991C200F7ACC8 /* Resources */,
			);
			buildRules = (
			);
			dependencies = (
			);
			name = "Study Timer";
			productName = "Study Timer";
			productReference = 5E9CA5652C2991C200F7ACC8 /* Study Timer.app */;
			productType = "com.apple.product-type.application";
		};
		5E9CA5752C2991C400F7ACC8 /* Study TimerTests */ = {
			isa = PBXNativeTarget;
			buildConfigurationList = 5E9CA58D2C2991C400F7ACC8 /* Build configuration list for PBXNativeTarget "Study TimerTests" */;
			buildPhases = (
				5E9CA5722C2991C400F7ACC8 /* Sources */,
				5E9CA5732C2991C400F7ACC8 /* Frameworks */,
				5E9CA5742C2991C400F7ACC8 /* Resources */,
			);
			buildRules = (
			);
			dependencies = (
				5E9CA5782C2991C400F7ACC8 /* PBXTargetDependency */,
			);
			name = "Study TimerTests";
			productName = "Study TimerTests";
			productReference = 5E9CA5762C2991C400F7ACC8 /* Study TimerTests.xctest */;
			productType = "com.apple.product-type.bundle.unit-test";
		};
		5E9CA57F2C2991C400F7ACC8 /* Study TimerUITests */ = {
			isa = PBXNativeTarget;
			buildConfigurationList = 5E9CA5902C2991C400F7ACC8 /* Build configuration list for PBXNativeTarget "Study TimerUITests" */;
			buildPhases = (
				5E9CA57C2C2991C400F7ACC8 /* Sources */,
				5E9CA57D2C2991C400F7ACC8 /* Frameworks */,
				5E9CA57E2C2991C400F7ACC8 /* Resources */,
			);
			buildRules = (
			);
			dependencies = (
				5E9CA5822C2991C400F7ACC8 /* PBXTargetDependency */,
			);
			name = "Study TimerUITests";
			productName = "Study TimerUITests";
			productReference = 5E9CA5802C2991C400F7ACC8 /* Study TimerUITests.xctest */;
			productType = "com.apple.product-type.bundle.ui-testing";
		};
/* End PBXNativeTarget section */

/* Begin PBXProject section */
		5E9CA55D2C2991C200F7ACC8 /* Project object */ = {
			isa = PBXProject;
			attributes = {
				BuildIndependentTargetsInParallel = 1;
				LastSwiftUpdateCheck = 1540;
				LastUpgradeCheck = 1540;
				TargetAttributes = {
					5E9CA5642C2991C200F7ACC8 = {
						CreatedOnToolsVersion = 15.4;
					};
					5E9CA5752C2991C400F7ACC8 = {
						CreatedOnToolsVersion = 15.4;
						TestTargetID = 5E9CA5642C2991C200F7ACC8;
					};
					5E9CA57F2C2991C400F7ACC8 = {
						CreatedOnToolsVersion = 15.4;
						TestTargetID = 5E9CA5642C2991C200F7ACC8;
					};
				};
			};
			buildConfigurationList = 5E9CA5602C2991C200F7ACC8 /* Build configuration list for PBXProject "Study Timer" */;
			compatibilityVersion = "Xcode 14.0";
			developmentRegion = en;
			hasScannedForEncodings = 0;
			knownRegions = (
				en,
				Base,
			);
			mainGroup = 5E9CA55C2C2991C200F7ACC8;
			productRefGroup = 5E9CA5662C2991C200F7ACC8 /* Products */;
			projectDirPath = "";
			projectRoot = "";
			targets = (
				5E9CA5642C2991C200F7ACC8 /* Study Timer */,
				5E9CA5752C2991C400F7ACC8 /* Study TimerTests */,
				5E9CA57F2C2991C400F7ACC8 /* Study TimerUITests */,
			);
		};
/* End PBXProject section */

/* Begin PBXResourcesBuildPhase section */
		5E9CA5632C2991C200F7ACC8 /* Resources */ = {
			isa = PBXResourcesBuildPhase;
			buildActionMask = 2147483647;
			files = (
				5E9CA5702C2991C400F7ACC8 /* Preview Assets.xcassets in Resources */,
				5E9CA56D2C2991C400F7ACC8 /* Assets.xcassets in Resources */,
			);
			runOnlyForDeploymentPostprocessing = 0;
		};
		5E9CA5742C2991C400F7ACC8 /* Resources */ = {
			isa = PBXResourcesBuildPhase;
			buildActionMask = 2147483647;
			files = (
			);
			runOnlyForDeploymentPostprocessing = 0;
		};
		5E9CA57E2C2991C400F7ACC8 /* Resources */ = {
			isa = PBXResourcesBuildPhase;
			buildActionMask = 2147483647;
			files = (
			);
			runOnlyForDeploymentPostprocessing = 0;
		};
/* End PBXResourcesBuildPhase section */

/* Begin PBXSourcesBuildPhase section */
		5E9CA5612C2991C200F7ACC8 /* Sources */ = {
			isa = PBXSourcesBuildPhase;
			buildActionMask = 2147483647;
			files = (
				5E9CA56B2C2991C200F7ACC8 /* ContentView.swift in Sources */,
				5E9CA5692C2991C200F7ACC8 /* Study_TimerApp.swift in Sources */,
			);
			runOnlyForDeploymentPostprocessing = 0;
		};
		5E9CA5722C2991C400F7ACC8 /* Sources */ = {
			isa = PBXSourcesBuildPhase;
			buildActionMask = 2147483647;
			files = (
				5E9CA57B2C2991C400F7ACC8 /* Study_TimerTests.swift in Sources */,
			);
			runOnlyForDeploymentPostprocessing = 0;
		};
		5E9CA57C2C2991C400F7ACC8 /* Sources */ = {
			isa = PBXSourcesBuildPhase;
			buildActionMask = 2147483647;
			files = (
				5E9CA5872C2991C400F7ACC8 /* Study_TimerUITestsLaunchTests.swift in Sources */,
				5E9CA5852C2991C400F7ACC8 /* Study_TimerUITests.swift in Sources */,
			);
			runOnlyForDeploymentPostprocessing = 0;
		};
/* End PBXSourcesBuildPhase section */

/* Begin PBXTargetDependency section */
		5E9CA5782C2991C400F7ACC8 /* PBXTargetDependency */ = {
			isa = PBXTargetDependency;
			target = 5E9CA5642C2991C200F7ACC8 /* Study Timer */;
			targetProxy = 5E9CA5772C2991C400F7ACC8 /* PBXContainerItemProxy */;
		};
		5E9CA5822C2991C400F7ACC8 /* PBXTargetDependency */ = {
			isa = PBXTargetDependency;
			target = 5E9CA5642C2991C200F7ACC8 /* Study Timer */;
			targetProxy = 5E9CA5812C2991C400F7ACC8 /* PBXContainerItemProxy */;
		};
/* End PBXTargetDependency section */

/* Begin XCBuildConfiguration section */
		5E9CA5882C2991C400F7ACC8 /* Debug */ = {
			isa = XCBuildConfiguration;
			buildSettings = {
				ALWAYS_SEARCH_USER_PATHS = NO;
				ASSETCATALOG_COMPILER_GENERATE_SWIFT_ASSET_SYMBOL_EXTENSIONS = YES;
				CLANG_ANALYZER_NONNULL = YES;
				CLANG_ANALYZER_NUMBER_OBJECT_CONVERSION = YES_AGGRESSIVE;
				CLANG_CXX_LANGUAGE_STANDARD = "gnu++20";
				CLANG_ENABLE_MODULES = YES;
				CLANG_ENABLE_OBJC_ARC = YES;
				CLANG_ENABLE_OBJC_WEAK = YES;
				CLANG_WARN_BLOCK_CAPTURE_AUTORELEASING = YES;
				CLANG_WARN_BOOL_CONVERSION = YES;
				CLANG_WARN_COMMA = YES;
				CLANG_WARN_CONSTANT_CONVERSION = YES;
				CLANG_WARN_DEPRECATED_OBJC_IMPLEMENTATIONS = YES;
				CLANG_WARN_DIRECT_OBJC_ISA_USAGE = YES_ERROR;
				CLANG_WARN_DOCUMENTATION_COMMENTS = YES;
				CLANG_WARN_EMPTY_BODY = YES;
				CLANG_WARN_ENUM_CONVERSION = YES;
				CLANG_WARN_INFINITE_RECURSION = YES;
				CLANG_WARN_INT_CONVERSION = YES;
				CLANG_WARN_NON_LITERAL_NULL_CONVERSION = YES;
				CLANG_WARN_OBJC_IMPLICIT_RETAIN_SELF = YES;
				CLANG_WARN_OBJC_LITERAL_CONVERSION = YES;
				CLANG_WARN_OBJC_ROOT_CLASS = YES_ERROR;
				CLANG_WARN_QUOTED_INCLUDE_IN_FRAMEWORK_HEADER = YES;
				CLANG_WARN_RANGE_LOOP_ANALYSIS = YES;
				CLANG_WARN_STRICT_PROTOTYPES = YES;
				CLANG_WARN_SUSPICIOUS_MOVE = YES;
				CLANG_WARN_UNGUARDED_AVAILABILITY = YES_AGGRESSIVE;
				CLANG_WARN_UNREACHABLE_CODE = YES;
				CLANG_WARN__DUPLICATE_METHOD_MATCH = YES;
				COPY_PHASE_STRIP = NO;
				DEBUG_INFORMATION_FORMAT = dwarf;
				ENABLE_STRICT_OBJC_MSGSEND = YES;
				ENABLE_TESTABILITY = YES;
				ENABLE_USER_SCRIPT_SANDBOXING = YES;
				GCC_C_LANGUAGE_STANDARD = gnu17;
				GCC_DYNAMIC_NO_PIC = NO;
				GCC_NO_COMMON_BLOCKS = YES;
				GCC_OPTIMIZATION_LEVEL = 0;
				GCC_PREPROCESSOR_DEFINITIONS = (
					"DEBUG=1",
					"$(inherited)",
				);
				GCC_WARN_64_TO_32_BIT_CONVERSION = YES;
				GCC_WARN_ABOUT_RETURN_TYPE = YES_ERROR;
				GCC_WARN_UNDECLARED_SELECTOR = YES;
				GCC_WARN_UNINITIALIZED_AUTOS = YES_AGGRESSIVE;
				GCC_WARN_UNUSED_FUNCTION = YES;
				GCC_WARN_UNUSED_VARIABLE = YES;
				LOCALIZATION_PREFERS_STRING_CATALOGS = YES;
				MACOSX_DEPLOYMENT_TARGET = 14.4;
				MTL_ENABLE_DEBUG_INFO = INCLUDE_SOURCE;
				MTL_FAST_MATH = YES;
				ONLY_ACTIVE_ARCH = YES;
				SDKROOT = macosx;
				SWIFT_ACTIVE_COMPILATION_CONDITIONS = "DEBUG $(inherited)";
				SWIFT_OPTIMIZATION_LEVEL = "-Onone";
			};
			name = Debug;
		};
		5E9CA5892C2991C400F7ACC8 /* Release */ = {
			isa = XCBuildConfiguration;
			buildSettings = {
				ALWAYS_SEARCH_USER_PATHS = NO;
				ASSETCATALOG_COMPILER_GENERATE_SWIFT_ASSET_SYMBOL_EXTENSIONS = YES;
				CLANG_ANALYZER_NONNULL = YES;
				CLANG_ANALYZER_NUMBER_OBJECT_CONVERSION = YES_AGGRESSIVE;
				CLANG_CXX_LANGUAGE_STANDARD = "gnu++20";
				CLANG_ENABLE_MODULES = YES;
				CLANG_ENABLE_OBJC_ARC = YES;
				CLANG_ENABLE_OBJC_WEAK = YES;
				CLANG_WARN_BLOCK_CAPTURE_AUTORELEASING = YES;
				CLANG_WARN_BOOL_CONVERSION = YES;
				CLANG_WARN_COMMA = YES;
				CLANG_WARN_CONSTANT_CONVERSION = YES;
				CLANG_WARN_DEPRECATED_OBJC_IMPLEMENTATIONS = YES;
				CLANG_WARN_DIRECT_OBJC_ISA_USAGE = YES_ERROR;
				CLANG_WARN_DOCUMENTATION_COMMENTS = YES;
				CLANG_WARN_EMPTY_BODY = YES;
				CLANG_WARN_ENUM_CONVERSION = YES;
				CLANG_WARN_INFINITE_RECURSION = YES;
				CLANG_WARN_INT_CONVERSION = YES;
				CLANG_WARN_NON_LITERAL_NULL_CONVERSION = YES;
				CLANG_WARN_OBJC_IMPLICIT_RETAIN_SELF = YES;
				CLANG_WARN_OBJC_LITERAL_CONVERSION = YES;
				CLANG_WARN_OBJC_ROOT_CLASS = YES_ERROR;
				CLANG_WARN_QUOTED_INCLUDE_IN_FRAMEWORK_HEADER = YES;
				CLANG_WARN_RANGE_LOOP_ANALYSIS = YES;
				CLANG_WARN_STRICT_PROTOTYPES = YES;
				CLANG_WARN_SUSPICIOUS_MOVE = YES;
				CLANG_WARN_UNGUARDED_AVAILABILITY = YES_AGGRESSIVE;
				CLANG_WARN_UNREACHABLE_CODE = YES;
				CLANG_WARN__DUPLICATE_METHOD_MATCH = YES;
				COPY_PHASE_STRIP = NO;
				DEBUG_INFORMATION_FORMAT = "dwarf-with-dsym";
				ENABLE_NS_ASSERTIONS = NO;
				ENABLE_STRICT_OBJC_MSGSEND = YES;
				ENABLE_USER_SCRIPT_SANDBOXING = YES;
				GCC_C_LANGUAGE_STANDARD = gnu17;
				GCC_NO_COMMON_BLOCKS = YES;
				GCC_WARN_64_TO_32_BIT_CONVERSION = YES;
				GCC_WARN_ABOUT_RETURN_TYPE = YES_ERROR;
				GCC_WARN_UNDECLARED_SELECTOR = YES;
				GCC_WARN_UNINITIALIZED_AUTOS = YES_AGGRESSIVE;
				GCC_WARN_UNUSED_FUNCTION = YES;
				GCC_WARN_UNUSED_VARIABLE = YES;
				LOCALIZATION_PREFERS_STRING_CATALOGS = YES;
				MACOSX_DEPLOYMENT_TARGET = 14.4;
				MTL_ENABLE_DEBUG_INFO = NO;
				MTL_FAST_MATH = YES;
				SDKROOT = macosx;
				SWIFT_COMPILATION_MODE = wholemodule;
			};
			name = Release;
		};
		5E9CA58B2C2991C400F7ACC8 /* Debug */ = {
			isa = XCBuildConfiguration;
			buildSettings = {
				ASSETCATALOG_COMPILER_APPICON_NAME = AppIcon;
				ASSETCATALOG_COMPILER_GLOBAL_ACCENT_COLOR_NAME = AccentColor;
				CODE_SIGN_ENTITLEMENTS = "Study Timer/Study_Timer.entitlements";
				CODE_SIGN_STYLE = Automatic;
				COMBINE_HIDPI_IMAGES = YES;
				CURRENT_PROJECT_VERSION = 1;
				DEVELOPMENT_ASSET_PATHS = "\"Study Timer/Preview Content\"";
				ENABLE_PREVIEWS = YES;
				GENERATE_INFOPLIST_FILE = YES;
				INFOPLIST_KEY_NSHumanReadableCopyright = "";
				LD_RUNPATH_SEARCH_PATHS = (
					"$(inherited)",
					"@executable_path/../Frameworks",
				);
				MARKETING_VERSION = 1.0;
				PRODUCT_BUNDLE_IDENTIFIER = "FW.Study-Timer";
				PRODUCT_NAME = "$(TARGET_NAME)";
				SWIFT_EMIT_LOC_STRINGS = YES;
				SWIFT_VERSION = 5.0;
			};
			name = Debug;
		};
		5E9CA58C2C2991C400F7ACC8 /* Release */ = {
			isa = XCBuildConfiguration;
			buildSettings = {
				ASSETCATALOG_COMPILER_APPICON_NAME = AppIcon;
				ASSETCATALOG_COMPILER_GLOBAL_ACCENT_COLOR_NAME = AccentColor;
				CODE_SIGN_ENTITLEMENTS = "Study Timer/Study_Timer.entitlements";
				CODE_SIGN_STYLE = Automatic;
				COMBINE_HIDPI_IMAGES = YES;
				CURRENT_PROJECT_VERSION = 1;
				DEVELOPMENT_ASSET_PATHS = "\"Study Timer/Preview Content\"";
				ENABLE_PREVIEWS = YES;
				GENERATE_INFOPLIST_FILE = YES;
				INFOPLIST_KEY_NSHumanReadableCopyright = "";
				LD_RUNPATH_SEARCH_PATHS = (
					"$(inherited)",
					"@executable_path/../Frameworks",
				);
				MARKETING_VERSION = 1.0;
				PRODUCT_BUNDLE_IDENTIFIER = "FW.Study-Timer";
				PRODUCT_NAME = "$(TARGET_NAME)";
				SWIFT_EMIT_LOC_STRINGS = YES;
				SWIFT_VERSION = 5.0;
			};
			name = Release;
		};
		5E9CA58E2C2991C400F7ACC8 /* Debug */ = {
			isa = XCBuildConfiguration;
			buildSettings = {
				ALWAYS_EMBED_SWIFT_STANDARD_LIBRARIES = YES;
				BUNDLE_LOADER = "$(TEST_HOST)";
				CODE_SIGN_STYLE = Automatic;
				CURRENT_PROJECT_VERSION = 1;
				GENERATE_INFOPLIST_FILE = YES;
				MACOSX_DEPLOYMENT_TARGET = 14.4;
				MARKETING_VERSION = 1.0;
				PRODUCT_BUNDLE_IDENTIFIER = "FW.Study-TimerTests";
				PRODUCT_NAME = "$(TARGET_NAME)";
				SWIFT_EMIT_LOC_STRINGS = NO;
				SWIFT_VERSION = 5.0;
				TEST_HOST = "$(BUILT_PRODUCTS_DIR)/Study Timer.app/$(BUNDLE_EXECUTABLE_FOLDER_PATH)/Study Timer";
			};
			name = Debug;
		};
		5E9CA58F2C2991C400F7ACC8 /* Release */ = {
			isa = XCBuildConfiguration;
			buildSettings = {
				ALWAYS_EMBED_SWIFT_STANDARD_LIBRARIES = YES;
				BUNDLE_LOADER = "$(TEST_HOST)";
				CODE_SIGN_STYLE = Automatic;
				CURRENT_PROJECT_VERSION = 1;
				GENERATE_INFOPLIST_FILE = YES;
				MACOSX_DEPLOYMENT_TARGET = 14.4;
				MARKETING_VERSION = 1.0;
				PRODUCT_BUNDLE_IDENTIFIER = "FW.Study-TimerTests";
				PRODUCT_NAME = "$(TARGET_NAME)";
				SWIFT_EMIT_LOC_STRINGS = NO;
				SWIFT_VERSION = 5.0;
				TEST_HOST = "$(BUILT_PRODUCTS_DIR)/Study Timer.app/$(BUNDLE_EXECUTABLE_FOLDER_PATH)/Study Timer";
			};
			name = Release;
		};
		5E9CA5912C2991C400F7ACC8 /* Debug */ = {
			isa = XCBuildConfiguration;
			buildSettings = {
				ALWAYS_EMBED_SWIFT_STANDARD_LIBRARIES = YES;
				CODE_SIGN_STYLE = Automatic;
				CURRENT_PROJECT_VERSION = 1;
				GENERATE_INFOPLIST_FILE = YES;
				MARKETING_VERSION = 1.0;
				PRODUCT_BUNDLE_IDENTIFIER = "FW.Study-TimerUITests";
				PRODUCT_NAME = "$(TARGET_NAME)";
				SWIFT_EMIT_LOC_STRINGS = NO;
				SWIFT_VERSION = 5.0;
				TEST_TARGET_NAME = "Study Timer";
			};
			name = Debug;
		};
		5E9CA5922C2991C400F7ACC8 /* Release */ = {
			isa = XCBuildConfiguration;
			buildSettings = {
				ALWAYS_EMBED_SWIFT_STANDARD_LIBRARIES = YES;
				CODE_SIGN_STYLE = Automatic;
				CURRENT_PROJECT_VERSION = 1;
				GENERATE_INFOPLIST_FILE = YES;
				MARKETING_VERSION = 1.0;
				PRODUCT_BUNDLE_IDENTIFIER = "FW.Study-TimerUITests";
				PRODUCT_NAME = "$(TARGET_NAME)";
				SWIFT_EMIT_LOC_STRINGS = NO;
				SWIFT_VERSION = 5.0;
				TEST_TARGET_NAME = "Study Timer";
			};
			name = Release;
		};
/* End XCBuildConfiguration section */

/* Begin XCConfigurationList section */
		5E9CA5602C2991C200F7ACC8 /* Build configuration list for PBXProject "Study Timer" */ = {
			isa = XCConfigurationList;
			buildConfigurations = (
				5E9CA5882C2991C400F7ACC8 /* Debug */,
				5E9CA5892C2991C400F7ACC8 /* Release */,
			);
			defaultConfigurationIsVisible = 0;
			defaultConfigurationName = Release;
		};
		5E9CA58A2C2991C400F7ACC8 /* Build configuration list for PBXNativeTarget "Study Timer" */ = {
			isa = XCConfigurationList;
			buildConfigurations = (
				5E9CA58B2C2991C400F7ACC8 /* Debug */,
				5E9CA58C2C2991C400F7ACC8 /* Release */,
			);
			defaultConfigurationIsVisible = 0;
			defaultConfigurationName = Release;
		};
		5E9CA58D2C2991C400F7ACC8 /* Build configuration list for PBXNativeTarget "Study TimerTests" */ = {
			isa = XCConfigurationList;
			buildConfigurations = (
				5E9CA58E2C2991C400F7ACC8 /* Debug */,
				5E9CA58F2C2991C400F7ACC8 /* Release */,
			);
			defaultConfigurationIsVisible = 0;
			defaultConfigurationName = Release;
		};
		5E9CA5902C2991C400F7ACC8 /* Build configuration list for PBXNativeTarget "Study TimerUITests" */ = {
			isa = XCConfigurationList;
			buildConfigurations = (
				5E9CA5912C2991C400F7ACC8 /* Debug */,
				5E9CA5922C2991C400F7ACC8 /* Release */,
			);
			defaultConfigurationIsVisible = 0;
			defaultConfigurationName = Release;
		};
/* End XCConfigurationList section */
	};
	rootObject = 5E9CA55D2C2991C200F7ACC8 /* Project object */;
}
